// !$*UTF8*$!
{
	archiveVersion = 1;
	classes = {
	};
	objectVersion = 50;
	objects = {

/* Begin PBXBuildFile section */
		0947885124B09FDE001EB830 /* AppDelegate.swift in Sources */ = {isa = PBXBuildFile; fileRef = 0947885024B09FDE001EB830 /* AppDelegate.swift */; };
		0947885324B09FDE001EB830 /* SceneDelegate.swift in Sources */ = {isa = PBXBuildFile; fileRef = 0947885224B09FDE001EB830 /* SceneDelegate.swift */; };
		0947885724B09FE4001EB830 /* Assets.xcassets in Resources */ = {isa = PBXBuildFile; fileRef = 0947885624B09FE4001EB830 /* Assets.xcassets */; };
		0947885A24B09FE4001EB830 /* Preview Assets.xcassets in Resources */ = {isa = PBXBuildFile; fileRef = 0947885924B09FE4001EB830 /* Preview Assets.xcassets */; };
		0947885D24B09FE4001EB830 /* LaunchScreen.storyboard in Resources */ = {isa = PBXBuildFile; fileRef = 0947885B24B09FE4001EB830 /* LaunchScreen.storyboard */; };
		0947888124B0AE24001EB830 /* CountryPicker.swift in Sources */ = {isa = PBXBuildFile; fileRef = 0947888024B0AE24001EB830 /* CountryPicker.swift */; };
		0947888324B0CA32001EB830 /* CountryModel.swift in Sources */ = {isa = PBXBuildFile; fileRef = 0947888224B0CA32001EB830 /* CountryModel.swift */; };
		09B7C88424B0CD0600D91DE2 /* SwiftCountryPicker.bundle in Resources */ = {isa = PBXBuildFile; fileRef = 09B7C88324B0CD0600D91DE2 /* SwiftCountryPicker.bundle */; };
		43294508276E2BB300D8C38D /* FloatingButton.swift in Sources */ = {isa = PBXBuildFile; fileRef = 43294507276E2BB300D8C38D /* FloatingButton.swift */; };
		4329450B276E30D600D8C38D /* Dropdown.swift in Sources */ = {isa = PBXBuildFile; fileRef = 4329450A276E30D600D8C38D /* Dropdown.swift */; };
		4333BF4627A1913300AEDA01 /* EndlessList.swift in Sources */ = {isa = PBXBuildFile; fileRef = 4333BF4527A1913300AEDA01 /* EndlessList.swift */; };
		4333BF4927A1930400AEDA01 /* Utility.swift in Sources */ = {isa = PBXBuildFile; fileRef = 4333BF4827A1930400AEDA01 /* Utility.swift */; };
		4333BF4C27A1B2F400AEDA01 /* Color+Extension.swift in Sources */ = {isa = PBXBuildFile; fileRef = 4333BF4B27A1B2F400AEDA01 /* Color+Extension.swift */; };
		4333BF4E27A1B31600AEDA01 /* ListItem.swift in Sources */ = {isa = PBXBuildFile; fileRef = 4333BF4D27A1B31600AEDA01 /* ListItem.swift */; };
		4333BF5027A1B33400AEDA01 /* EndlessListViewModel.swift in Sources */ = {isa = PBXBuildFile; fileRef = 4333BF4F27A1B33400AEDA01 /* EndlessListViewModel.swift */; };
		43812C842C024A40005FDB24 /* UIScreen+Extension.swift in Sources */ = {isa = PBXBuildFile; fileRef = 43812C832C024A40005FDB24 /* UIScreen+Extension.swift */; };
		43812C862C024A7C005FDB24 /* TagsContentView.swift in Sources */ = {isa = PBXBuildFile; fileRef = 43812C852C024A7C005FDB24 /* TagsContentView.swift */; };
		43812C882C024A91005FDB24 /* TagsViewModel.swift in Sources */ = {isa = PBXBuildFile; fileRef = 43812C872C024A91005FDB24 /* TagsViewModel.swift */; };
		438457712C7A482400886D03 /* BottomToTopSheetView.swift in Sources */ = {isa = PBXBuildFile; fileRef = 438457702C7A482400886D03 /* BottomToTopSheetView.swift */; };
		439B9E9E27932B7800B5BBD2 /* ExpandableList.swift in Sources */ = {isa = PBXBuildFile; fileRef = 439B9E9D27932B7800B5BBD2 /* ExpandableList.swift */; };
		439B9EA62793352F00B5BBD2 /* BasicActivityIndicator.swift in Sources */ = {isa = PBXBuildFile; fileRef = 439B9EA52793352F00B5BBD2 /* BasicActivityIndicator.swift */; };
		43AB64862AEB815900744345 /* CustomDialogExampleView.swift in Sources */ = {isa = PBXBuildFile; fileRef = 43AB64852AEB815900744345 /* CustomDialogExampleView.swift */; };
		43AB64882AEB816000744345 /* CustomDialogView.swift in Sources */ = {isa = PBXBuildFile; fileRef = 43AB64872AEB816000744345 /* CustomDialogView.swift */; };
		43D386FC2BEFEC5000ECEB06 /* StarRatingDemoView.swift in Sources */ = {isa = PBXBuildFile; fileRef = 43D386FB2BEFEC5000ECEB06 /* StarRatingDemoView.swift */; };
		43D386FF2BEFEE8600ECEB06 /* TagsDemoView.swift in Sources */ = {isa = PBXBuildFile; fileRef = 43D386FE2BEFEE8600ECEB06 /* TagsDemoView.swift */; };
		43DF6220273413DF00BE847B /* OptionsListView.swift in Sources */ = {isa = PBXBuildFile; fileRef = 43DF621F273413DF00BE847B /* OptionsListView.swift */; };
		43FF3D8E2C8378AA000B9BE1 /* BeforeAfterImageSlider.swift in Sources */ = {isa = PBXBuildFile; fileRef = 43FF3D8D2C8378AA000B9BE1 /* BeforeAfterImageSlider.swift */; };
		43FF3D912C8379AD000B9BE1 /* BeforeAfterImageSliderDemoView.swift in Sources */ = {isa = PBXBuildFile; fileRef = 43FF3D902C8379AD000B9BE1 /* BeforeAfterImageSliderDemoView.swift */; };
/* End PBXBuildFile section */

/* Begin PBXFileReference section */
		0947884D24B09FDE001EB830 /* JDAWidgets SwiftUI.app */ = {isa = PBXFileReference; explicitFileType = wrapper.application; includeInIndex = 0; path = "JDAWidgets SwiftUI.app"; sourceTree = BUILT_PRODUCTS_DIR; };
		0947885024B09FDE001EB830 /* AppDelegate.swift */ = {isa = PBXFileReference; lastKnownFileType = sourcecode.swift; path = AppDelegate.swift; sourceTree = "<group>"; };
		0947885224B09FDE001EB830 /* SceneDelegate.swift */ = {isa = PBXFileReference; lastKnownFileType = sourcecode.swift; path = SceneDelegate.swift; sourceTree = "<group>"; };
		0947885624B09FE4001EB830 /* Assets.xcassets */ = {isa = PBXFileReference; lastKnownFileType = folder.assetcatalog; path = Assets.xcassets; sourceTree = "<group>"; };
		0947885924B09FE4001EB830 /* Preview Assets.xcassets */ = {isa = PBXFileReference; lastKnownFileType = folder.assetcatalog; path = "Preview Assets.xcassets"; sourceTree = "<group>"; };
		0947885C24B09FE4001EB830 /* Base */ = {isa = PBXFileReference; lastKnownFileType = file.storyboard; name = Base; path = Base.lproj/LaunchScreen.storyboard; sourceTree = "<group>"; };
		0947885E24B09FE4001EB830 /* Info.plist */ = {isa = PBXFileReference; lastKnownFileType = text.plist.xml; path = Info.plist; sourceTree = "<group>"; };
		0947888024B0AE24001EB830 /* CountryPicker.swift */ = {isa = PBXFileReference; lastKnownFileType = sourcecode.swift; path = CountryPicker.swift; sourceTree = "<group>"; };
		0947888224B0CA32001EB830 /* CountryModel.swift */ = {isa = PBXFileReference; lastKnownFileType = sourcecode.swift; path = CountryModel.swift; sourceTree = "<group>"; };
		09B7C88324B0CD0600D91DE2 /* SwiftCountryPicker.bundle */ = {isa = PBXFileReference; lastKnownFileType = "wrapper.plug-in"; path = SwiftCountryPicker.bundle; sourceTree = "<group>"; };
		43294507276E2BB300D8C38D /* FloatingButton.swift */ = {isa = PBXFileReference; lastKnownFileType = sourcecode.swift; path = FloatingButton.swift; sourceTree = "<group>"; };
		4329450A276E30D600D8C38D /* Dropdown.swift */ = {isa = PBXFileReference; lastKnownFileType = sourcecode.swift; path = Dropdown.swift; sourceTree = "<group>"; };
		4333BF4527A1913300AEDA01 /* EndlessList.swift */ = {isa = PBXFileReference; lastKnownFileType = sourcecode.swift; path = EndlessList.swift; sourceTree = "<group>"; };
		4333BF4827A1930400AEDA01 /* Utility.swift */ = {isa = PBXFileReference; lastKnownFileType = sourcecode.swift; path = Utility.swift; sourceTree = "<group>"; };
		4333BF4B27A1B2F400AEDA01 /* Color+Extension.swift */ = {isa = PBXFileReference; lastKnownFileType = sourcecode.swift; path = "Color+Extension.swift"; sourceTree = "<group>"; };
		4333BF4D27A1B31600AEDA01 /* ListItem.swift */ = {isa = PBXFileReference; lastKnownFileType = sourcecode.swift; path = ListItem.swift; sourceTree = "<group>"; };
		4333BF4F27A1B33400AEDA01 /* EndlessListViewModel.swift */ = {isa = PBXFileReference; lastKnownFileType = sourcecode.swift; path = EndlessListViewModel.swift; sourceTree = "<group>"; };
		43812C832C024A40005FDB24 /* UIScreen+Extension.swift */ = {isa = PBXFileReference; lastKnownFileType = sourcecode.swift; path = "UIScreen+Extension.swift"; sourceTree = "<group>"; };
		43812C852C024A7C005FDB24 /* TagsContentView.swift */ = {isa = PBXFileReference; lastKnownFileType = sourcecode.swift; path = TagsContentView.swift; sourceTree = "<group>"; };
		43812C872C024A91005FDB24 /* TagsViewModel.swift */ = {isa = PBXFileReference; lastKnownFileType = sourcecode.swift; path = TagsViewModel.swift; sourceTree = "<group>"; };
		438457702C7A482400886D03 /* BottomToTopSheetView.swift */ = {isa = PBXFileReference; fileEncoding = 4; lastKnownFileType = sourcecode.swift; path = BottomToTopSheetView.swift; sourceTree = "<group>"; };
		439B9E9D27932B7800B5BBD2 /* ExpandableList.swift */ = {isa = PBXFileReference; lastKnownFileType = sourcecode.swift; path = ExpandableList.swift; sourceTree = "<group>"; };
		439B9EA52793352F00B5BBD2 /* BasicActivityIndicator.swift */ = {isa = PBXFileReference; lastKnownFileType = sourcecode.swift; path = BasicActivityIndicator.swift; sourceTree = "<group>"; };
		43AB64852AEB815900744345 /* CustomDialogExampleView.swift */ = {isa = PBXFileReference; lastKnownFileType = sourcecode.swift; path = CustomDialogExampleView.swift; sourceTree = "<group>"; };
		43AB64872AEB816000744345 /* CustomDialogView.swift */ = {isa = PBXFileReference; lastKnownFileType = sourcecode.swift; path = CustomDialogView.swift; sourceTree = "<group>"; };
		43D386FB2BEFEC5000ECEB06 /* StarRatingDemoView.swift */ = {isa = PBXFileReference; lastKnownFileType = sourcecode.swift; path = StarRatingDemoView.swift; sourceTree = "<group>"; };
		43D386FE2BEFEE8600ECEB06 /* TagsDemoView.swift */ = {isa = PBXFileReference; lastKnownFileType = sourcecode.swift; path = TagsDemoView.swift; sourceTree = "<group>"; };
		43DF621F273413DF00BE847B /* OptionsListView.swift */ = {isa = PBXFileReference; lastKnownFileType = sourcecode.swift; path = OptionsListView.swift; sourceTree = "<group>"; };
		43FF3D8D2C8378AA000B9BE1 /* BeforeAfterImageSlider.swift */ = {isa = PBXFileReference; fileEncoding = 4; lastKnownFileType = sourcecode.swift; path = BeforeAfterImageSlider.swift; sourceTree = "<group>"; };
		43FF3D902C8379AD000B9BE1 /* BeforeAfterImageSliderDemoView.swift */ = {isa = PBXFileReference; lastKnownFileType = sourcecode.swift; path = BeforeAfterImageSliderDemoView.swift; sourceTree = "<group>"; };
/* End PBXFileReference section */

/* Begin PBXFrameworksBuildPhase section */
		0947884A24B09FDE001EB830 /* Frameworks */ = {
			isa = PBXFrameworksBuildPhase;
			buildActionMask = 2147483647;
			files = (
			);
			runOnlyForDeploymentPostprocessing = 0;
		};
/* End PBXFrameworksBuildPhase section */

/* Begin PBXGroup section */
		0947884424B09FDE001EB830 = {
			isa = PBXGroup;
			children = (
				0947884F24B09FDE001EB830 /* JDAWidgets SwiftUI */,
				0947884E24B09FDE001EB830 /* Products */,
			);
			sourceTree = "<group>";
		};
		0947884E24B09FDE001EB830 /* Products */ = {
			isa = PBXGroup;
			children = (
				0947884D24B09FDE001EB830 /* JDAWidgets SwiftUI.app */,
			);
			name = Products;
			sourceTree = "<group>";
		};
		0947884F24B09FDE001EB830 /* JDAWidgets SwiftUI */ = {
			isa = PBXGroup;
			children = (
				43AB64812AEB810900744345 /* Widgets */,
				4333BF4A27A1B2E200AEDA01 /* Utility */,
				4333BF4727A192F600AEDA01 /* Extensions */,
				0947885024B09FDE001EB830 /* AppDelegate.swift */,
				43DF621F273413DF00BE847B /* OptionsListView.swift */,
				0947885224B09FDE001EB830 /* SceneDelegate.swift */,
				0947885624B09FE4001EB830 /* Assets.xcassets */,
				0947885B24B09FE4001EB830 /* LaunchScreen.storyboard */,
				0947885E24B09FE4001EB830 /* Info.plist */,
				0947885824B09FE4001EB830 /* Preview Content */,
			);
			path = "JDAWidgets SwiftUI";
			sourceTree = "<group>";
		};
		0947885824B09FE4001EB830 /* Preview Content */ = {
			isa = PBXGroup;
			children = (
				0947885924B09FE4001EB830 /* Preview Assets.xcassets */,
			);
			path = "Preview Content";
			sourceTree = "<group>";
		};
		43294506276E2B9A00D8C38D /* 3 Floating Button */ = {
			isa = PBXGroup;
			children = (
				43294507276E2BB300D8C38D /* FloatingButton.swift */,
			);
			path = "3 Floating Button";
			sourceTree = "<group>";
		};
		43294509276E30C600D8C38D /* 1. Dropdown */ = {
			isa = PBXGroup;
			children = (
				4329450A276E30D600D8C38D /* Dropdown.swift */,
			);
			path = "1. Dropdown";
			sourceTree = "<group>";
		};
		4333BF4427A1912700AEDA01 /* 6 Endless List */ = {
			isa = PBXGroup;
			children = (
				4333BF4527A1913300AEDA01 /* EndlessList.swift */,
				4333BF4D27A1B31600AEDA01 /* ListItem.swift */,
				4333BF4F27A1B33400AEDA01 /* EndlessListViewModel.swift */,
			);
			path = "6 Endless List";
			sourceTree = "<group>";
		};
		4333BF4727A192F600AEDA01 /* Extensions */ = {
			isa = PBXGroup;
			children = (
				4333BF4B27A1B2F400AEDA01 /* Color+Extension.swift */,
				43812C832C024A40005FDB24 /* UIScreen+Extension.swift */,
			);
			path = Extensions;
			sourceTree = "<group>";
		};
		4333BF4A27A1B2E200AEDA01 /* Utility */ = {
			isa = PBXGroup;
			children = (
				4333BF4827A1930400AEDA01 /* Utility.swift */,
			);
			path = Utility;
			sourceTree = "<group>";
		};
		4384576F2C7A477D00886D03 /* 10. BottomToTopSheet */ = {
			isa = PBXGroup;
			children = (
				438457702C7A482400886D03 /* BottomToTopSheetView.swift */,
			);
			path = "10. BottomToTopSheet";
			sourceTree = "<group>";
		};
		439B9E9C27932B5D00B5BBD2 /* 4 Expandable List */ = {
			isa = PBXGroup;
			children = (
				439B9E9D27932B7800B5BBD2 /* ExpandableList.swift */,
			);
			path = "4 Expandable List";
			sourceTree = "<group>";
		};
		439B9EA2279334E900B5BBD2 /* 5 Basic Activity Indicator */ = {
			isa = PBXGroup;
			children = (
				439B9EA52793352F00B5BBD2 /* BasicActivityIndicator.swift */,
			);
			path = "5 Basic Activity Indicator";
			sourceTree = "<group>";
		};
		43AB64812AEB810900744345 /* Widgets */ = {
			isa = PBXGroup;
			children = (
				43294509276E30C600D8C38D /* 1. Dropdown */,
				43DF611D2733BDD600BE847B /* 2 Country Picker */,
				43294506276E2B9A00D8C38D /* 3 Floating Button */,
				439B9E9C27932B5D00B5BBD2 /* 4 Expandable List */,
				439B9EA2279334E900B5BBD2 /* 5 Basic Activity Indicator */,
				4333BF4427A1912700AEDA01 /* 6 Endless List */,
				43AB64822AEB811700744345 /* 7. Custom Dialog */,
				43D386FA2BEFEAC700ECEB06 /* 8. Star Rating View */,
				43D386FD2BEFEE2300ECEB06 /* 9. Tags */,
				4384576F2C7A477D00886D03 /* 10. BottomToTopSheet */,
				43FF3D8F2C8378B1000B9BE1 /* 11. BeforeAfter Image Slider */,
			);
			path = Widgets;
			sourceTree = "<group>";
		};
		43AB64822AEB811700744345 /* 7. Custom Dialog */ = {
			isa = PBXGroup;
			children = (
				43AB64852AEB815900744345 /* CustomDialogExampleView.swift */,
				43AB64872AEB816000744345 /* CustomDialogView.swift */,
			);
			path = "7. Custom Dialog";
			sourceTree = "<group>";
		};
		43D386FA2BEFEAC700ECEB06 /* 8. Star Rating View */ = {
			isa = PBXGroup;
			children = (
				43D386FB2BEFEC5000ECEB06 /* StarRatingDemoView.swift */,
			);
			path = "8. Star Rating View";
			sourceTree = "<group>";
		};
		43D386FD2BEFEE2300ECEB06 /* 9. Tags */ = {
			isa = PBXGroup;
			children = (
				43D386FE2BEFEE8600ECEB06 /* TagsDemoView.swift */,
				43812C852C024A7C005FDB24 /* TagsContentView.swift */,
				43812C872C024A91005FDB24 /* TagsViewModel.swift */,
			);
			path = "9. Tags";
			sourceTree = "<group>";
		};
		43DF611D2733BDD600BE847B /* 2 Country Picker */ = {
			isa = PBXGroup;
			children = (
				09B7C88324B0CD0600D91DE2 /* SwiftCountryPicker.bundle */,
				0947888024B0AE24001EB830 /* CountryPicker.swift */,
				0947888224B0CA32001EB830 /* CountryModel.swift */,
			);
			path = "2 Country Picker";
			sourceTree = "<group>";
		};
		43FF3D8F2C8378B1000B9BE1 /* 11. BeforeAfter Image Slider */ = {
			isa = PBXGroup;
			children = (
				43FF3D8D2C8378AA000B9BE1 /* BeforeAfterImageSlider.swift */,
				43FF3D902C8379AD000B9BE1 /* BeforeAfterImageSliderDemoView.swift */,
			);
			path = "11. BeforeAfter Image Slider";
			sourceTree = "<group>";
		};
/* End PBXGroup section */

/* Begin PBXNativeTarget section */
		0947884C24B09FDE001EB830 /* JDAWidgets SwiftUI */ = {
			isa = PBXNativeTarget;
			buildConfigurationList = 0947887724B09FE4001EB830 /* Build configuration list for PBXNativeTarget "JDAWidgets SwiftUI" */;
			buildPhases = (
				0947884924B09FDE001EB830 /* Sources */,
				0947884A24B09FDE001EB830 /* Frameworks */,
				0947884B24B09FDE001EB830 /* Resources */,
			);
			buildRules = (
			);
			dependencies = (
			);
			name = "JDAWidgets SwiftUI";
			productName = "JDA Country Picker";
			productReference = 0947884D24B09FDE001EB830 /* JDAWidgets SwiftUI.app */;
			productType = "com.apple.product-type.application";
		};
/* End PBXNativeTarget section */

/* Begin PBXProject section */
		0947884524B09FDE001EB830 /* Project object */ = {
			isa = PBXProject;
			attributes = {
				LastSwiftUpdateCheck = 1140;
				LastUpgradeCheck = 1300;
				ORGANIZATIONNAME = JDA;
				TargetAttributes = {
					0947884C24B09FDE001EB830 = {
						CreatedOnToolsVersion = 11.4.1;
					};
				};
			};
			buildConfigurationList = 0947884824B09FDE001EB830 /* Build configuration list for PBXProject "JDAWidgets SwiftUI" */;
			compatibilityVersion = "Xcode 9.3";
			developmentRegion = en;
			hasScannedForEncodings = 0;
			knownRegions = (
				en,
				Base,
			);
			mainGroup = 0947884424B09FDE001EB830;
			productRefGroup = 0947884E24B09FDE001EB830 /* Products */;
			projectDirPath = "";
			projectRoot = "";
			targets = (
				0947884C24B09FDE001EB830 /* JDAWidgets SwiftUI */,
			);
		};
/* End PBXProject section */

/* Begin PBXResourcesBuildPhase section */
		0947884B24B09FDE001EB830 /* Resources */ = {
			isa = PBXResourcesBuildPhase;
			buildActionMask = 2147483647;
			files = (
				09B7C88424B0CD0600D91DE2 /* SwiftCountryPicker.bundle in Resources */,
				0947885D24B09FE4001EB830 /* LaunchScreen.storyboard in Resources */,
				0947885A24B09FE4001EB830 /* Preview Assets.xcassets in Resources */,
				0947885724B09FE4001EB830 /* Assets.xcassets in Resources */,
			);
			runOnlyForDeploymentPostprocessing = 0;
		};
/* End PBXResourcesBuildPhase section */

/* Begin PBXSourcesBuildPhase section */
		0947884924B09FDE001EB830 /* Sources */ = {
			isa = PBXSourcesBuildPhase;
			buildActionMask = 2147483647;
			files = (
				43AB64882AEB816000744345 /* CustomDialogView.swift in Sources */,
				4333BF4927A1930400AEDA01 /* Utility.swift in Sources */,
				43DF6220273413DF00BE847B /* OptionsListView.swift in Sources */,
				0947888124B0AE24001EB830 /* CountryPicker.swift in Sources */,
				4333BF5027A1B33400AEDA01 /* EndlessListViewModel.swift in Sources */,
				43812C862C024A7C005FDB24 /* TagsContentView.swift in Sources */,
				439B9EA62793352F00B5BBD2 /* BasicActivityIndicator.swift in Sources */,
				0947885124B09FDE001EB830 /* AppDelegate.swift in Sources */,
				4333BF4627A1913300AEDA01 /* EndlessList.swift in Sources */,
				4333BF4C27A1B2F400AEDA01 /* Color+Extension.swift in Sources */,
				43FF3D912C8379AD000B9BE1 /* BeforeAfterImageSliderDemoView.swift in Sources */,
				43812C882C024A91005FDB24 /* TagsViewModel.swift in Sources */,
				0947888324B0CA32001EB830 /* CountryModel.swift in Sources */,
				43D386FF2BEFEE8600ECEB06 /* TagsDemoView.swift in Sources */,
				43AB64862AEB815900744345 /* CustomDialogExampleView.swift in Sources */,
				43D386FC2BEFEC5000ECEB06 /* StarRatingDemoView.swift in Sources */,
				0947885324B09FDE001EB830 /* SceneDelegate.swift in Sources */,
				43294508276E2BB300D8C38D /* FloatingButton.swift in Sources */,
				4333BF4E27A1B31600AEDA01 /* ListItem.swift in Sources */,
				438457712C7A482400886D03 /* BottomToTopSheetView.swift in Sources */,
				43812C842C024A40005FDB24 /* UIScreen+Extension.swift in Sources */,
				4329450B276E30D600D8C38D /* Dropdown.swift in Sources */,
				439B9E9E27932B7800B5BBD2 /* ExpandableList.swift in Sources */,
				43FF3D8E2C8378AA000B9BE1 /* BeforeAfterImageSlider.swift in Sources */,
			);
			runOnlyForDeploymentPostprocessing = 0;
		};
/* End PBXSourcesBuildPhase section */

/* Begin PBXVariantGroup section */
		0947885B24B09FE4001EB830 /* LaunchScreen.storyboard */ = {
			isa = PBXVariantGroup;
			children = (
				0947885C24B09FE4001EB830 /* Base */,
			);
			name = LaunchScreen.storyboard;
			sourceTree = "<group>";
		};
/* End PBXVariantGroup section */

/* Begin XCBuildConfiguration section */
		0947887524B09FE4001EB830 /* Debug */ = {
			isa = XCBuildConfiguration;
			buildSettings = {
				ALWAYS_SEARCH_USER_PATHS = NO;
				CLANG_ANALYZER_NONNULL = YES;
				CLANG_ANALYZER_NUMBER_OBJECT_CONVERSION = YES_AGGRESSIVE;
				CLANG_CXX_LANGUAGE_STANDARD = "gnu++14";
				CLANG_CXX_LIBRARY = "libc++";
				CLANG_ENABLE_MODULES = YES;
				CLANG_ENABLE_OBJC_ARC = YES;
				CLANG_ENABLE_OBJC_WEAK = YES;
				CLANG_WARN_BLOCK_CAPTURE_AUTORELEASING = YES;
				CLANG_WARN_BOOL_CONVERSION = YES;
				CLANG_WARN_COMMA = YES;
				CLANG_WARN_CONSTANT_CONVERSION = YES;
				CLANG_WARN_DEPRECATED_OBJC_IMPLEMENTATIONS = YES;
				CLANG_WARN_DIRECT_OBJC_ISA_USAGE = YES_ERROR;
				CLANG_WARN_DOCUMENTATION_COMMENTS = YES;
				CLANG_WARN_EMPTY_BODY = YES;
				CLANG_WARN_ENUM_CONVERSION = YES;
				CLANG_WARN_INFINITE_RECURSION = YES;
				CLANG_WARN_INT_CONVERSION = YES;
				CLANG_WARN_NON_LITERAL_NULL_CONVERSION = YES;
				CLANG_WARN_OBJC_IMPLICIT_RETAIN_SELF = YES;
				CLANG_WARN_OBJC_LITERAL_CONVERSION = YES;
				CLANG_WARN_OBJC_ROOT_CLASS = YES_ERROR;
				CLANG_WARN_QUOTED_INCLUDE_IN_FRAMEWORK_HEADER = YES;
				CLANG_WARN_RANGE_LOOP_ANALYSIS = YES;
				CLANG_WARN_STRICT_PROTOTYPES = YES;
				CLANG_WARN_SUSPICIOUS_MOVE = YES;
				CLANG_WARN_UNGUARDED_AVAILABILITY = YES_AGGRESSIVE;
				CLANG_WARN_UNREACHABLE_CODE = YES;
				CLANG_WARN__DUPLICATE_METHOD_MATCH = YES;
				COPY_PHASE_STRIP = NO;
				DEBUG_INFORMATION_FORMAT = dwarf;
				ENABLE_STRICT_OBJC_MSGSEND = YES;
				ENABLE_TESTABILITY = YES;
				GCC_C_LANGUAGE_STANDARD = gnu11;
				GCC_DYNAMIC_NO_PIC = NO;
				GCC_NO_COMMON_BLOCKS = YES;
				GCC_OPTIMIZATION_LEVEL = 0;
				GCC_PREPROCESSOR_DEFINITIONS = (
					"DEBUG=1",
					"$(inherited)",
				);
				GCC_WARN_64_TO_32_BIT_CONVERSION = YES;
				GCC_WARN_ABOUT_RETURN_TYPE = YES_ERROR;
				GCC_WARN_UNDECLARED_SELECTOR = YES;
				GCC_WARN_UNINITIALIZED_AUTOS = YES_AGGRESSIVE;
				GCC_WARN_UNUSED_FUNCTION = YES;
				GCC_WARN_UNUSED_VARIABLE = YES;
				IPHONEOS_DEPLOYMENT_TARGET = 13.4;
				MTL_ENABLE_DEBUG_INFO = INCLUDE_SOURCE;
				MTL_FAST_MATH = YES;
				ONLY_ACTIVE_ARCH = YES;
				SDKROOT = iphoneos;
				SWIFT_ACTIVE_COMPILATION_CONDITIONS = DEBUG;
				SWIFT_OPTIMIZATION_LEVEL = "-Onone";
			};
			name = Debug;
		};
		0947887624B09FE4001EB830 /* Release */ = {
			isa = XCBuildConfiguration;
			buildSettings = {
				ALWAYS_SEARCH_USER_PATHS = NO;
				CLANG_ANALYZER_NONNULL = YES;
				CLANG_ANALYZER_NUMBER_OBJECT_CONVERSION = YES_AGGRESSIVE;
				CLANG_CXX_LANGUAGE_STANDARD = "gnu++14";
				CLANG_CXX_LIBRARY = "libc++";
				CLANG_ENABLE_MODULES = YES;
				CLANG_ENABLE_OBJC_ARC = YES;
				CLANG_ENABLE_OBJC_WEAK = YES;
				CLANG_WARN_BLOCK_CAPTURE_AUTORELEASING = YES;
				CLANG_WARN_BOOL_CONVERSION = YES;
				CLANG_WARN_COMMA = YES;
				CLANG_WARN_CONSTANT_CONVERSION = YES;
				CLANG_WARN_DEPRECATED_OBJC_IMPLEMENTATIONS = YES;
				CLANG_WARN_DIRECT_OBJC_ISA_USAGE = YES_ERROR;
				CLANG_WARN_DOCUMENTATION_COMMENTS = YES;
				CLANG_WARN_EMPTY_BODY = YES;
				CLANG_WARN_ENUM_CONVERSION = YES;
				CLANG_WARN_INFINITE_RECURSION = YES;
				CLANG_WARN_INT_CONVERSION = YES;
				CLANG_WARN_NON_LITERAL_NULL_CONVERSION = YES;
				CLANG_WARN_OBJC_IMPLICIT_RETAIN_SELF = YES;
				CLANG_WARN_OBJC_LITERAL_CONVERSION = YES;
				CLANG_WARN_OBJC_ROOT_CLASS = YES_ERROR;
				CLANG_WARN_QUOTED_INCLUDE_IN_FRAMEWORK_HEADER = YES;
				CLANG_WARN_RANGE_LOOP_ANALYSIS = YES;
				CLANG_WARN_STRICT_PROTOTYPES = YES;
				CLANG_WARN_SUSPICIOUS_MOVE = YES;
				CLANG_WARN_UNGUARDED_AVAILABILITY = YES_AGGRESSIVE;
				CLANG_WARN_UNREACHABLE_CODE = YES;
				CLANG_WARN__DUPLICATE_METHOD_MATCH = YES;
				COPY_PHASE_STRIP = NO;
				DEBUG_INFORMATION_FORMAT = "dwarf-with-dsym";
				ENABLE_NS_ASSERTIONS = NO;
				ENABLE_STRICT_OBJC_MSGSEND = YES;
				GCC_C_LANGUAGE_STANDARD = gnu11;
				GCC_NO_COMMON_BLOCKS = YES;
				GCC_WARN_64_TO_32_BIT_CONVERSION = YES;
				GCC_WARN_ABOUT_RETURN_TYPE = YES_ERROR;
				GCC_WARN_UNDECLARED_SELECTOR = YES;
				GCC_WARN_UNINITIALIZED_AUTOS = YES_AGGRESSIVE;
				GCC_WARN_UNUSED_FUNCTION = YES;
				GCC_WARN_UNUSED_VARIABLE = YES;
				IPHONEOS_DEPLOYMENT_TARGET = 13.4;
				MTL_ENABLE_DEBUG_INFO = NO;
				MTL_FAST_MATH = YES;
				SDKROOT = iphoneos;
				SWIFT_COMPILATION_MODE = wholemodule;
				SWIFT_OPTIMIZATION_LEVEL = "-O";
				VALIDATE_PRODUCT = YES;
			};
			name = Release;
		};
		0947887824B09FE4001EB830 /* Debug */ = {
			isa = XCBuildConfiguration;
			buildSettings = {
				ASSETCATALOG_COMPILER_APPICON_NAME = AppIcon;
				CODE_SIGN_IDENTITY = "Apple Development";
				CODE_SIGN_STYLE = Manual;
				CURRENT_PROJECT_VERSION = 1;
				DEVELOPMENT_ASSET_PATHS = "\"JDAWidgets SwiftUI/Preview Content\"";
				DEVELOPMENT_TEAM = "";
				ENABLE_PREVIEWS = YES;
				INFOPLIST_FILE = "JDAWidgets SwiftUI/Info.plist";
				IPHONEOS_DEPLOYMENT_TARGET = 15.0;
				LD_RUNPATH_SEARCH_PATHS = (
					"$(inherited)",
					"@executable_path/Frameworks",
				);
				MARKETING_VERSION = 1.0;
				PRODUCT_BUNDLE_IDENTIFIER = com.jda.widgets.swiftui;
				PRODUCT_NAME = "$(TARGET_NAME)";
				PROVISIONING_PROFILE_SPECIFIER = "";
				SWIFT_VERSION = 5.0;
				TARGETED_DEVICE_FAMILY = "1,2";
			};
			name = Debug;
		};
		0947887924B09FE4001EB830 /* Release */ = {
			isa = XCBuildConfiguration;
			buildSettings = {
				ASSETCATALOG_COMPILER_APPICON_NAME = AppIcon;
				CODE_SIGN_IDENTITY = "Apple Development";
				CODE_SIGN_STYLE = Manual;
				CURRENT_PROJECT_VERSION = 1;
				DEVELOPMENT_ASSET_PATHS = "\"JDAWidgets SwiftUI/Preview Content\"";
				DEVELOPMENT_TEAM = "";
				ENABLE_PREVIEWS = YES;
				INFOPLIST_FILE = "JDAWidgets SwiftUI/Info.plist";
				IPHONEOS_DEPLOYMENT_TARGET = 15.0;
				LD_RUNPATH_SEARCH_PATHS = (
					"$(inherited)",
					"@executable_path/Frameworks",
				);
				MARKETING_VERSION = 1.0;
				PRODUCT_BUNDLE_IDENTIFIER = com.jda.widgets.swiftui;
				PRODUCT_NAME = "$(TARGET_NAME)";
				PROVISIONING_PROFILE_SPECIFIER = "";
				SWIFT_VERSION = 5.0;
				TARGETED_DEVICE_FAMILY = "1,2";
			};
			name = Release;
		};
/* End XCBuildConfiguration section */

/* Begin XCConfigurationList section */
		0947884824B09FDE001EB830 /* Build configuration list for PBXProject "JDAWidgets SwiftUI" */ = {
			isa = XCConfigurationList;
			buildConfigurations = (
				0947887524B09FE4001EB830 /* Debug */,
				0947887624B09FE4001EB830 /* Release */,
			);
			defaultConfigurationIsVisible = 0;
			defaultConfigurationName = Release;
		};
		0947887724B09FE4001EB830 /* Build configuration list for PBXNativeTarget "JDAWidgets SwiftUI" */ = {
			isa = XCConfigurationList;
			buildConfigurations = (
				0947887824B09FE4001EB830 /* Debug */,
				0947887924B09FE4001EB830 /* Release */,
			);
			defaultConfigurationIsVisible = 0;
			defaultConfigurationName = Release;
		};
/* End XCConfigurationList section */
	};
	rootObject = 0947884524B09FDE001EB830 /* Project object */;
}
